// !$*UTF8*$!
{
	archiveVersion = 1;
	classes = {
	};
	objectVersion = 48;
	objects = {

/* Begin PBXBuildFile section */
		F6097DE2205C306000CA3AC3 /* IndexesForMissingValuesTest.swift in Sources */ = {isa = PBXBuildFile; fileRef = F6097DE1205C306000CA3AC3 /* IndexesForMissingValuesTest.swift */; };
		F6097DEA205C380700CA3AC3 /* Nimble.framework in Frameworks */ = {isa = PBXBuildFile; fileRef = F6097DE4205C341D00CA3AC3 /* Nimble.framework */; };
		F61CE611205BDE1D00677786 /* Differentiator.framework in Frameworks */ = {isa = PBXBuildFile; fileRef = F61CE607205BDE1C00677786 /* Differentiator.framework */; };
		F61CE618205BDE1D00677786 /* Differentiator.h in Headers */ = {isa = PBXBuildFile; fileRef = F61CE60A205BDE1C00677786 /* Differentiator.h */; settings = {ATTRIBUTES = (Public, ); }; };
		F61CE623205BDE9300677786 /* Identifiable.swift in Sources */ = {isa = PBXBuildFile; fileRef = F61CE622205BDE9300677786 /* Identifiable.swift */; };
		F61CE625205BE8A600677786 /* ArrayDifferentiator.swift in Sources */ = {isa = PBXBuildFile; fileRef = F61CE624205BE8A600677786 /* ArrayDifferentiator.swift */; };
		F64CCE242061CF5900B38BD0 /* CalculateDifferencesTest.swift in Sources */ = {isa = PBXBuildFile; fileRef = F64CCE232061CF5900B38BD0 /* CalculateDifferencesTest.swift */; };
		F64CCE2C2061D4AE00B38BD0 /* AppDelegate.swift in Sources */ = {isa = PBXBuildFile; fileRef = F64CCE2B2061D4AE00B38BD0 /* AppDelegate.swift */; };
		F64CCE332061D4AE00B38BD0 /* Assets.xcassets in Resources */ = {isa = PBXBuildFile; fileRef = F64CCE322061D4AE00B38BD0 /* Assets.xcassets */; };
		F64CCE362061D4AE00B38BD0 /* LaunchScreen.storyboard in Resources */ = {isa = PBXBuildFile; fileRef = F64CCE342061D4AE00B38BD0 /* LaunchScreen.storyboard */; };
		F64CCE4A2061D72700B38BD0 /* ChangeTableViewController.swift in Sources */ = {isa = PBXBuildFile; fileRef = F64CCE492061D72700B38BD0 /* ChangeTableViewController.swift */; };
		F64CCE4C2061D7AD00B38BD0 /* NumberTableViewCell.swift in Sources */ = {isa = PBXBuildFile; fileRef = F64CCE4B2061D7AD00B38BD0 /* NumberTableViewCell.swift */; };
		F64CCE502061D84000B38BD0 /* SnapKit.framework in Frameworks */ = {isa = PBXBuildFile; fileRef = F64CCE4F2061D84000B38BD0 /* SnapKit.framework */; };
		F64CCE522061D8EB00B38BD0 /* UITableViewCell.swift in Sources */ = {isa = PBXBuildFile; fileRef = F64CCE512061D8EB00B38BD0 /* UITableViewCell.swift */; };
		F64CCE542061E1A100B38BD0 /* Differentiator.framework in Frameworks */ = {isa = PBXBuildFile; fileRef = F61CE607205BDE1C00677786 /* Differentiator.framework */; };
		F64CCE562061E36B00B38BD0 /* UITableView+BatchUpdates.swift in Sources */ = {isa = PBXBuildFile; fileRef = F64CCE552061E36B00B38BD0 /* UITableView+BatchUpdates.swift */; };
		F6CE74A12061C008001F5C80 /* MovedIndexesTest.swift in Sources */ = {isa = PBXBuildFile; fileRef = F6CE74A02061C008001F5C80 /* MovedIndexesTest.swift */; };
/* End PBXBuildFile section */

/* Begin PBXContainerItemProxy section */
		F61CE612205BDE1D00677786 /* PBXContainerItemProxy */ = {
			isa = PBXContainerItemProxy;
			containerPortal = F61CE5FE205BDE1C00677786 /* Project object */;
			proxyType = 1;
			remoteGlobalIDString = F61CE606205BDE1C00677786;
			remoteInfo = Differentiator;
		};
		F64CCE3D2061D4AE00B38BD0 /* PBXContainerItemProxy */ = {
			isa = PBXContainerItemProxy;
			containerPortal = F61CE5FE205BDE1C00677786 /* Project object */;
			proxyType = 1;
			remoteGlobalIDString = F64CCE282061D4AE00B38BD0;
			remoteInfo = DifferentiatorDemo;
		};
/* End PBXContainerItemProxy section */

/* Begin PBXFileReference section */
		F6097DE1205C306000CA3AC3 /* IndexesForMissingValuesTest.swift */ = {isa = PBXFileReference; lastKnownFileType = sourcecode.swift; path = IndexesForMissingValuesTest.swift; sourceTree = "<group>"; };
		F6097DE4205C341D00CA3AC3 /* Nimble.framework */ = {isa = PBXFileReference; lastKnownFileType = wrapper.framework; name = Nimble.framework; path = Carthage/Build/iOS/Nimble.framework; sourceTree = "<group>"; };
		F61CE607205BDE1C00677786 /* Differentiator.framework */ = {isa = PBXFileReference; explicitFileType = wrapper.framework; includeInIndex = 0; path = Differentiator.framework; sourceTree = BUILT_PRODUCTS_DIR; };
		F61CE60A205BDE1C00677786 /* Differentiator.h */ = {isa = PBXFileReference; lastKnownFileType = sourcecode.c.h; path = Differentiator.h; sourceTree = "<group>"; };
		F61CE60B205BDE1C00677786 /* Info.plist */ = {isa = PBXFileReference; lastKnownFileType = text.plist.xml; path = Info.plist; sourceTree = "<group>"; };
		F61CE610205BDE1D00677786 /* DifferentiatorTests.xctest */ = {isa = PBXFileReference; explicitFileType = wrapper.cfbundle; includeInIndex = 0; path = DifferentiatorTests.xctest; sourceTree = BUILT_PRODUCTS_DIR; };
		F61CE617205BDE1D00677786 /* Info.plist */ = {isa = PBXFileReference; lastKnownFileType = text.plist.xml; path = Info.plist; sourceTree = "<group>"; };
		F61CE622205BDE9300677786 /* Identifiable.swift */ = {isa = PBXFileReference; lastKnownFileType = sourcecode.swift; path = Identifiable.swift; sourceTree = "<group>"; };
		F61CE624205BE8A600677786 /* ArrayDifferentiator.swift */ = {isa = PBXFileReference; lastKnownFileType = sourcecode.swift; path = ArrayDifferentiator.swift; sourceTree = "<group>"; };
		F64CCE232061CF5900B38BD0 /* CalculateDifferencesTest.swift */ = {isa = PBXFileReference; lastKnownFileType = sourcecode.swift; path = CalculateDifferencesTest.swift; sourceTree = "<group>"; };
		F64CCE292061D4AE00B38BD0 /* DifferentiatorDemo.app */ = {isa = PBXFileReference; explicitFileType = wrapper.application; includeInIndex = 0; path = DifferentiatorDemo.app; sourceTree = BUILT_PRODUCTS_DIR; };
		F64CCE2B2061D4AE00B38BD0 /* AppDelegate.swift */ = {isa = PBXFileReference; lastKnownFileType = sourcecode.swift; path = AppDelegate.swift; sourceTree = "<group>"; };
		F64CCE322061D4AE00B38BD0 /* Assets.xcassets */ = {isa = PBXFileReference; lastKnownFileType = folder.assetcatalog; path = Assets.xcassets; sourceTree = "<group>"; };
		F64CCE352061D4AE00B38BD0 /* Base */ = {isa = PBXFileReference; lastKnownFileType = file.storyboard; name = Base; path = Base.lproj/LaunchScreen.storyboard; sourceTree = "<group>"; };
		F64CCE372061D4AE00B38BD0 /* Info.plist */ = {isa = PBXFileReference; lastKnownFileType = text.plist.xml; path = Info.plist; sourceTree = "<group>"; };
		F64CCE3C2061D4AE00B38BD0 /* DifferentiatorDemoTests.xctest */ = {isa = PBXFileReference; explicitFileType = wrapper.cfbundle; includeInIndex = 0; path = DifferentiatorDemoTests.xctest; sourceTree = BUILT_PRODUCTS_DIR; };
		F64CCE422061D4AE00B38BD0 /* Info.plist */ = {isa = PBXFileReference; lastKnownFileType = text.plist.xml; path = Info.plist; sourceTree = "<group>"; };
		F64CCE492061D72700B38BD0 /* ChangeTableViewController.swift */ = {isa = PBXFileReference; lastKnownFileType = sourcecode.swift; path = ChangeTableViewController.swift; sourceTree = "<group>"; };
		F64CCE4B2061D7AD00B38BD0 /* NumberTableViewCell.swift */ = {isa = PBXFileReference; lastKnownFileType = sourcecode.swift; path = NumberTableViewCell.swift; sourceTree = "<group>"; };
		F64CCE4F2061D84000B38BD0 /* SnapKit.framework */ = {isa = PBXFileReference; lastKnownFileType = wrapper.framework; name = SnapKit.framework; path = Carthage/Build/iOS/SnapKit.framework; sourceTree = "<group>"; };
		F64CCE512061D8EB00B38BD0 /* UITableViewCell.swift */ = {isa = PBXFileReference; lastKnownFileType = sourcecode.swift; path = UITableViewCell.swift; sourceTree = "<group>"; };
		F64CCE552061E36B00B38BD0 /* UITableView+BatchUpdates.swift */ = {isa = PBXFileReference; lastKnownFileType = sourcecode.swift; path = "UITableView+BatchUpdates.swift"; sourceTree = "<group>"; };
		F6CE74A02061C008001F5C80 /* MovedIndexesTest.swift */ = {isa = PBXFileReference; lastKnownFileType = sourcecode.swift; path = MovedIndexesTest.swift; sourceTree = "<group>"; };
/* End PBXFileReference section */

/* Begin PBXFrameworksBuildPhase section */
		F61CE603205BDE1C00677786 /* Frameworks */ = {
			isa = PBXFrameworksBuildPhase;
			buildActionMask = 2147483647;
			files = (
			);
			runOnlyForDeploymentPostprocessing = 0;
		};
		F61CE60D205BDE1D00677786 /* Frameworks */ = {
			isa = PBXFrameworksBuildPhase;
			buildActionMask = 2147483647;
			files = (
				F61CE611205BDE1D00677786 /* Differentiator.framework in Frameworks */,
				F6097DEA205C380700CA3AC3 /* Nimble.framework in Frameworks */,
			);
			runOnlyForDeploymentPostprocessing = 0;
		};
		F64CCE262061D4AE00B38BD0 /* Frameworks */ = {
			isa = PBXFrameworksBuildPhase;
			buildActionMask = 2147483647;
			files = (
				F64CCE542061E1A100B38BD0 /* Differentiator.framework in Frameworks */,
				F64CCE502061D84000B38BD0 /* SnapKit.framework in Frameworks */,
			);
			runOnlyForDeploymentPostprocessing = 0;
		};
		F64CCE392061D4AE00B38BD0 /* Frameworks */ = {
			isa = PBXFrameworksBuildPhase;
			buildActionMask = 2147483647;
			files = (
			);
			runOnlyForDeploymentPostprocessing = 0;
		};
/* End PBXFrameworksBuildPhase section */

/* Begin PBXGroup section */
		F6097DE3205C341C00CA3AC3 /* Frameworks */ = {
			isa = PBXGroup;
			children = (
				F64CCE4F2061D84000B38BD0 /* SnapKit.framework */,
				F6097DE4205C341D00CA3AC3 /* Nimble.framework */,
			);
			name = Frameworks;
			sourceTree = "<group>";
		};
		F61CE5FD205BDE1C00677786 = {
			isa = PBXGroup;
			children = (
				F61CE609205BDE1C00677786 /* Differentiator */,
				F61CE614205BDE1D00677786 /* DifferentiatorTests */,
				F64CCE2A2061D4AE00B38BD0 /* DifferentiatorDemo */,
				F64CCE3F2061D4AE00B38BD0 /* DifferentiatorDemoTests */,
				F61CE608205BDE1C00677786 /* Products */,
				F6097DE3205C341C00CA3AC3 /* Frameworks */,
			);
			sourceTree = "<group>";
		};
		F61CE608205BDE1C00677786 /* Products */ = {
			isa = PBXGroup;
			children = (
				F61CE607205BDE1C00677786 /* Differentiator.framework */,
				F61CE610205BDE1D00677786 /* DifferentiatorTests.xctest */,
				F64CCE292061D4AE00B38BD0 /* DifferentiatorDemo.app */,
				F64CCE3C2061D4AE00B38BD0 /* DifferentiatorDemoTests.xctest */,
			);
			name = Products;
			sourceTree = "<group>";
		};
		F61CE609205BDE1C00677786 /* Differentiator */ = {
			isa = PBXGroup;
			children = (
				F61CE60A205BDE1C00677786 /* Differentiator.h */,
				F61CE60B205BDE1C00677786 /* Info.plist */,
				F61CE622205BDE9300677786 /* Identifiable.swift */,
				F61CE624205BE8A600677786 /* ArrayDifferentiator.swift */,
				F64CCE552061E36B00B38BD0 /* UITableView+BatchUpdates.swift */,
			);
			path = Differentiator;
			sourceTree = "<group>";
		};
		F61CE614205BDE1D00677786 /* DifferentiatorTests */ = {
			isa = PBXGroup;
			children = (
				F61CE617205BDE1D00677786 /* Info.plist */,
				F6097DE1205C306000CA3AC3 /* IndexesForMissingValuesTest.swift */,
				F6CE74A02061C008001F5C80 /* MovedIndexesTest.swift */,
				F64CCE232061CF5900B38BD0 /* CalculateDifferencesTest.swift */,
			);
			path = DifferentiatorTests;
			sourceTree = "<group>";
		};
		F64CCE2A2061D4AE00B38BD0 /* DifferentiatorDemo */ = {
			isa = PBXGroup;
			children = (
				F64CCE2B2061D4AE00B38BD0 /* AppDelegate.swift */,
				F64CCE322061D4AE00B38BD0 /* Assets.xcassets */,
				F64CCE342061D4AE00B38BD0 /* LaunchScreen.storyboard */,
				F64CCE372061D4AE00B38BD0 /* Info.plist */,
				F64CCE492061D72700B38BD0 /* ChangeTableViewController.swift */,
				F64CCE4B2061D7AD00B38BD0 /* NumberTableViewCell.swift */,
				F64CCE512061D8EB00B38BD0 /* UITableViewCell.swift */,
			);
			path = DifferentiatorDemo;
			sourceTree = "<group>";
		};
		F64CCE3F2061D4AE00B38BD0 /* DifferentiatorDemoTests */ = {
			isa = PBXGroup;
			children = (
				F64CCE422061D4AE00B38BD0 /* Info.plist */,
			);
			path = DifferentiatorDemoTests;
			sourceTree = "<group>";
		};
/* End PBXGroup section */

/* Begin PBXHeadersBuildPhase section */
		F61CE604205BDE1C00677786 /* Headers */ = {
			isa = PBXHeadersBuildPhase;
			buildActionMask = 2147483647;
			files = (
				F61CE618205BDE1D00677786 /* Differentiator.h in Headers */,
			);
			runOnlyForDeploymentPostprocessing = 0;
		};
/* End PBXHeadersBuildPhase section */

/* Begin PBXNativeTarget section */
		F61CE606205BDE1C00677786 /* Differentiator */ = {
			isa = PBXNativeTarget;
			buildConfigurationList = F61CE61B205BDE1D00677786 /* Build configuration list for PBXNativeTarget "Differentiator" */;
			buildPhases = (
				F61CE602205BDE1C00677786 /* Sources */,
				F61CE603205BDE1C00677786 /* Frameworks */,
				F61CE604205BDE1C00677786 /* Headers */,
				F61CE605205BDE1C00677786 /* Resources */,
				F61CE621205BDE4E00677786 /* Swiftlint */,
				F6097DE7205C346E00CA3AC3 /* Carthage */,
			);
			buildRules = (
			);
			dependencies = (
			);
			name = Differentiator;
			productName = Differentiator;
			productReference = F61CE607205BDE1C00677786 /* Differentiator.framework */;
			productType = "com.apple.product-type.framework";
		};
		F61CE60F205BDE1D00677786 /* DifferentiatorTests */ = {
			isa = PBXNativeTarget;
			buildConfigurationList = F61CE61E205BDE1D00677786 /* Build configuration list for PBXNativeTarget "DifferentiatorTests" */;
			buildPhases = (
				F61CE60C205BDE1D00677786 /* Sources */,
				F61CE60D205BDE1D00677786 /* Frameworks */,
				F61CE60E205BDE1D00677786 /* Resources */,
				F6097DE8205C358800CA3AC3 /* Carthage */,
			);
			buildRules = (
			);
			dependencies = (
				F61CE613205BDE1D00677786 /* PBXTargetDependency */,
			);
			name = DifferentiatorTests;
			productName = DifferentiatorTests;
			productReference = F61CE610205BDE1D00677786 /* DifferentiatorTests.xctest */;
			productType = "com.apple.product-type.bundle.unit-test";
		};
		F64CCE282061D4AE00B38BD0 /* DifferentiatorDemo */ = {
			isa = PBXNativeTarget;
			buildConfigurationList = F64CCE432061D4AE00B38BD0 /* Build configuration list for PBXNativeTarget "DifferentiatorDemo" */;
			buildPhases = (
				F64CCE252061D4AE00B38BD0 /* Sources */,
				F64CCE262061D4AE00B38BD0 /* Frameworks */,
				F64CCE272061D4AE00B38BD0 /* Resources */,
				F64CCE4D2061D80F00B38BD0 /* Swiftlint */,
				F64CCE4E2061D81E00B38BD0 /* Carthage */,
			);
			buildRules = (
			);
			dependencies = (
			);
			name = DifferentiatorDemo;
			productName = DifferentiatorDemo;
			productReference = F64CCE292061D4AE00B38BD0 /* DifferentiatorDemo.app */;
			productType = "com.apple.product-type.application";
		};
		F64CCE3B2061D4AE00B38BD0 /* DifferentiatorDemoTests */ = {
			isa = PBXNativeTarget;
			buildConfigurationList = F64CCE462061D4AE00B38BD0 /* Build configuration list for PBXNativeTarget "DifferentiatorDemoTests" */;
			buildPhases = (
				F64CCE382061D4AE00B38BD0 /* Sources */,
				F64CCE392061D4AE00B38BD0 /* Frameworks */,
				F64CCE3A2061D4AE00B38BD0 /* Resources */,
			);
			buildRules = (
			);
			dependencies = (
				F64CCE3E2061D4AE00B38BD0 /* PBXTargetDependency */,
			);
			name = DifferentiatorDemoTests;
			productName = DifferentiatorDemoTests;
			productReference = F64CCE3C2061D4AE00B38BD0 /* DifferentiatorDemoTests.xctest */;
			productType = "com.apple.product-type.bundle.unit-test";
		};
/* End PBXNativeTarget section */

/* Begin PBXProject section */
		F61CE5FE205BDE1C00677786 /* Project object */ = {
			isa = PBXProject;
			attributes = {
				LastSwiftUpdateCheck = 0920;
				LastUpgradeCheck = 0920;
				ORGANIZATIONNAME = "Blue Tail Labs";
				TargetAttributes = {
					F61CE606205BDE1C00677786 = {
						CreatedOnToolsVersion = 9.2;
						LastSwiftMigration = 0920;
						ProvisioningStyle = Automatic;
					};
					F61CE60F205BDE1D00677786 = {
						CreatedOnToolsVersion = 9.2;
						LastSwiftMigration = 0920;
						ProvisioningStyle = Automatic;
					};
					F64CCE282061D4AE00B38BD0 = {
						CreatedOnToolsVersion = 9.2;
						ProvisioningStyle = Automatic;
					};
					F64CCE3B2061D4AE00B38BD0 = {
						CreatedOnToolsVersion = 9.2;
						ProvisioningStyle = Automatic;
						TestTargetID = F64CCE282061D4AE00B38BD0;
					};
				};
			};
			buildConfigurationList = F61CE601205BDE1C00677786 /* Build configuration list for PBXProject "Differentiator" */;
			compatibilityVersion = "Xcode 8.0";
			developmentRegion = en;
			hasScannedForEncodings = 0;
			knownRegions = (
				en,
				Base,
			);
			mainGroup = F61CE5FD205BDE1C00677786;
			productRefGroup = F61CE608205BDE1C00677786 /* Products */;
			projectDirPath = "";
			projectRoot = "";
			targets = (
				F61CE606205BDE1C00677786 /* Differentiator */,
				F61CE60F205BDE1D00677786 /* DifferentiatorTests */,
				F64CCE282061D4AE00B38BD0 /* DifferentiatorDemo */,
				F64CCE3B2061D4AE00B38BD0 /* DifferentiatorDemoTests */,
			);
		};
/* End PBXProject section */

/* Begin PBXResourcesBuildPhase section */
		F61CE605205BDE1C00677786 /* Resources */ = {
			isa = PBXResourcesBuildPhase;
			buildActionMask = 2147483647;
			files = (
			);
			runOnlyForDeploymentPostprocessing = 0;
		};
		F61CE60E205BDE1D00677786 /* Resources */ = {
			isa = PBXResourcesBuildPhase;
			buildActionMask = 2147483647;
			files = (
			);
			runOnlyForDeploymentPostprocessing = 0;
		};
		F64CCE272061D4AE00B38BD0 /* Resources */ = {
			isa = PBXResourcesBuildPhase;
			buildActionMask = 2147483647;
			files = (
				F64CCE362061D4AE00B38BD0 /* LaunchScreen.storyboard in Resources */,
				F64CCE332061D4AE00B38BD0 /* Assets.xcassets in Resources */,
			);
			runOnlyForDeploymentPostprocessing = 0;
		};
		F64CCE3A2061D4AE00B38BD0 /* Resources */ = {
			isa = PBXResourcesBuildPhase;
			buildActionMask = 2147483647;
			files = (
			);
			runOnlyForDeploymentPostprocessing = 0;
		};
/* End PBXResourcesBuildPhase section */

/* Begin PBXShellScriptBuildPhase section */
		F6097DE7205C346E00CA3AC3 /* Carthage */ = {
			isa = PBXShellScriptBuildPhase;
			buildActionMask = 2147483647;
			files = (
			);
			inputPaths = (
				"$(SRCROOT)/Carthage/Build/iOS/Nimble.framework",
			);
			name = Carthage;
			outputPaths = (
			);
			runOnlyForDeploymentPostprocessing = 0;
			shellPath = /bin/sh;
			shellScript = "/usr/local/bin/carthage copy-frameworks";
		};
		F6097DE8205C358800CA3AC3 /* Carthage */ = {
			isa = PBXShellScriptBuildPhase;
			buildActionMask = 2147483647;
			files = (
			);
			inputPaths = (
				"$(SRCROOT)/Carthage/Build/iOS/Nimble.framework",
			);
			name = Carthage;
			outputPaths = (
				"$(BUILT_PRODUCTS_DIR)/$(FRAMEWORKS_FOLDER_PATH)/Nimble.framework",
			);
			runOnlyForDeploymentPostprocessing = 0;
			shellPath = /bin/sh;
			shellScript = "/usr/local/bin/carthage copy-frameworks";
		};
		F61CE621205BDE4E00677786 /* Swiftlint */ = {
			isa = PBXShellScriptBuildPhase;
			buildActionMask = 2147483647;
			files = (
			);
			inputPaths = (
			);
			name = Swiftlint;
			outputPaths = (
			);
			runOnlyForDeploymentPostprocessing = 0;
			shellPath = /bin/sh;
			shellScript = "if which swiftlint >/dev/null; then\n    swiftlint\nelse\n    echo \"warning: SwiftLint not installed, download from https://github.com/realm/SwiftLint\"\nfi";
		};
		F64CCE4D2061D80F00B38BD0 /* Swiftlint */ = {
			isa = PBXShellScriptBuildPhase;
			buildActionMask = 2147483647;
			files = (
			);
			inputPaths = (
			);
			name = Swiftlint;
			outputPaths = (
			);
			runOnlyForDeploymentPostprocessing = 0;
			shellPath = /bin/sh;
			shellScript = "if which swiftlint >/dev/null; then\n    swiftlint\nelse\n    echo \"warning: SwiftLint not installed, download from https://github.com/realm/SwiftLint\"\nfi";
		};
		F64CCE4E2061D81E00B38BD0 /* Carthage */ = {
			isa = PBXShellScriptBuildPhase;
			buildActionMask = 2147483647;
			files = (
			);
			inputPaths = (
				"$(SRCROOT)/Carthage/Build/iOS/SnapKit.framework",
			);
			name = Carthage;
			outputPaths = (
			);
			runOnlyForDeploymentPostprocessing = 0;
			shellPath = /bin/sh;
			shellScript = "/usr/local/bin/carthage copy-frameworks";
		};
/* End PBXShellScriptBuildPhase section */

/* Begin PBXSourcesBuildPhase section */
		F61CE602205BDE1C00677786 /* Sources */ = {
			isa = PBXSourcesBuildPhase;
			buildActionMask = 2147483647;
			files = (
				F61CE623205BDE9300677786 /* Identifiable.swift in Sources */,
				F64CCE562061E36B00B38BD0 /* UITableView+BatchUpdates.swift in Sources */,
				F61CE625205BE8A600677786 /* ArrayDifferentiator.swift in Sources */,
			);
			runOnlyForDeploymentPostprocessing = 0;
		};
		F61CE60C205BDE1D00677786 /* Sources */ = {
			isa = PBXSourcesBuildPhase;
			buildActionMask = 2147483647;
			files = (
				F6CE74A12061C008001F5C80 /* MovedIndexesTest.swift in Sources */,
				F64CCE242061CF5900B38BD0 /* CalculateDifferencesTest.swift in Sources */,
				F6097DE2205C306000CA3AC3 /* IndexesForMissingValuesTest.swift in Sources */,
			);
			runOnlyForDeploymentPostprocessing = 0;
		};
		F64CCE252061D4AE00B38BD0 /* Sources */ = {
			isa = PBXSourcesBuildPhase;
			buildActionMask = 2147483647;
			files = (
				F64CCE4A2061D72700B38BD0 /* ChangeTableViewController.swift in Sources */,
				F64CCE522061D8EB00B38BD0 /* UITableViewCell.swift in Sources */,
				F64CCE2C2061D4AE00B38BD0 /* AppDelegate.swift in Sources */,
				F64CCE4C2061D7AD00B38BD0 /* NumberTableViewCell.swift in Sources */,
			);
			runOnlyForDeploymentPostprocessing = 0;
		};
		F64CCE382061D4AE00B38BD0 /* Sources */ = {
			isa = PBXSourcesBuildPhase;
			buildActionMask = 2147483647;
			files = (
			);
			runOnlyForDeploymentPostprocessing = 0;
		};
/* End PBXSourcesBuildPhase section */

/* Begin PBXTargetDependency section */
		F61CE613205BDE1D00677786 /* PBXTargetDependency */ = {
			isa = PBXTargetDependency;
			target = F61CE606205BDE1C00677786 /* Differentiator */;
			targetProxy = F61CE612205BDE1D00677786 /* PBXContainerItemProxy */;
		};
		F64CCE3E2061D4AE00B38BD0 /* PBXTargetDependency */ = {
			isa = PBXTargetDependency;
			target = F64CCE282061D4AE00B38BD0 /* DifferentiatorDemo */;
			targetProxy = F64CCE3D2061D4AE00B38BD0 /* PBXContainerItemProxy */;
		};
/* End PBXTargetDependency section */

/* Begin PBXVariantGroup section */
		F64CCE342061D4AE00B38BD0 /* LaunchScreen.storyboard */ = {
			isa = PBXVariantGroup;
			children = (
				F64CCE352061D4AE00B38BD0 /* Base */,
			);
			name = LaunchScreen.storyboard;
			sourceTree = "<group>";
		};
/* End PBXVariantGroup section */

/* Begin XCBuildConfiguration section */
		F61CE619205BDE1D00677786 /* Debug */ = {
			isa = XCBuildConfiguration;
			buildSettings = {
				ALWAYS_SEARCH_USER_PATHS = NO;
				CLANG_ANALYZER_NONNULL = YES;
				CLANG_ANALYZER_NUMBER_OBJECT_CONVERSION = YES_AGGRESSIVE;
				CLANG_CXX_LANGUAGE_STANDARD = "gnu++14";
				CLANG_CXX_LIBRARY = "libc++";
				CLANG_ENABLE_MODULES = YES;
				CLANG_ENABLE_OBJC_ARC = YES;
				CLANG_WARN_BLOCK_CAPTURE_AUTORELEASING = YES;
				CLANG_WARN_BOOL_CONVERSION = YES;
				CLANG_WARN_COMMA = YES;
				CLANG_WARN_CONSTANT_CONVERSION = YES;
				CLANG_WARN_DIRECT_OBJC_ISA_USAGE = YES_ERROR;
				CLANG_WARN_DOCUMENTATION_COMMENTS = YES;
				CLANG_WARN_EMPTY_BODY = YES;
				CLANG_WARN_ENUM_CONVERSION = YES;
				CLANG_WARN_INFINITE_RECURSION = YES;
				CLANG_WARN_INT_CONVERSION = YES;
				CLANG_WARN_NON_LITERAL_NULL_CONVERSION = YES;
				CLANG_WARN_OBJC_LITERAL_CONVERSION = YES;
				CLANG_WARN_OBJC_ROOT_CLASS = YES_ERROR;
				CLANG_WARN_RANGE_LOOP_ANALYSIS = YES;
				CLANG_WARN_STRICT_PROTOTYPES = YES;
				CLANG_WARN_SUSPICIOUS_MOVE = YES;
				CLANG_WARN_UNGUARDED_AVAILABILITY = YES_AGGRESSIVE;
				CLANG_WARN_UNREACHABLE_CODE = YES;
				CLANG_WARN__DUPLICATE_METHOD_MATCH = YES;
				CODE_SIGN_IDENTITY = "iPhone Developer";
				COPY_PHASE_STRIP = NO;
				CURRENT_PROJECT_VERSION = 1;
				DEBUG_INFORMATION_FORMAT = dwarf;
				ENABLE_STRICT_OBJC_MSGSEND = YES;
				ENABLE_TESTABILITY = YES;
				GCC_C_LANGUAGE_STANDARD = gnu11;
				GCC_DYNAMIC_NO_PIC = NO;
				GCC_NO_COMMON_BLOCKS = YES;
				GCC_OPTIMIZATION_LEVEL = 0;
				GCC_PREPROCESSOR_DEFINITIONS = (
					"DEBUG=1",
					"$(inherited)",
				);
				GCC_WARN_64_TO_32_BIT_CONVERSION = YES;
				GCC_WARN_ABOUT_RETURN_TYPE = YES_ERROR;
				GCC_WARN_UNDECLARED_SELECTOR = YES;
				GCC_WARN_UNINITIALIZED_AUTOS = YES_AGGRESSIVE;
				GCC_WARN_UNUSED_FUNCTION = YES;
				GCC_WARN_UNUSED_VARIABLE = YES;
				IPHONEOS_DEPLOYMENT_TARGET = 11.2;
				MTL_ENABLE_DEBUG_INFO = YES;
				ONLY_ACTIVE_ARCH = YES;
				SDKROOT = iphoneos;
				SWIFT_ACTIVE_COMPILATION_CONDITIONS = DEBUG;
				SWIFT_OPTIMIZATION_LEVEL = "-Onone";
				VERSIONING_SYSTEM = "apple-generic";
				VERSION_INFO_PREFIX = "";
			};
			name = Debug;
		};
		F61CE61A205BDE1D00677786 /* Release */ = {
			isa = XCBuildConfiguration;
			buildSettings = {
				ALWAYS_SEARCH_USER_PATHS = NO;
				CLANG_ANALYZER_NONNULL = YES;
				CLANG_ANALYZER_NUMBER_OBJECT_CONVERSION = YES_AGGRESSIVE;
				CLANG_CXX_LANGUAGE_STANDARD = "gnu++14";
				CLANG_CXX_LIBRARY = "libc++";
				CLANG_ENABLE_MODULES = YES;
				CLANG_ENABLE_OBJC_ARC = YES;
				CLANG_WARN_BLOCK_CAPTURE_AUTORELEASING = YES;
				CLANG_WARN_BOOL_CONVERSION = YES;
				CLANG_WARN_COMMA = YES;
				CLANG_WARN_CONSTANT_CONVERSION = YES;
				CLANG_WARN_DIRECT_OBJC_ISA_USAGE = YES_ERROR;
				CLANG_WARN_DOCUMENTATION_COMMENTS = YES;
				CLANG_WARN_EMPTY_BODY = YES;
				CLANG_WARN_ENUM_CONVERSION = YES;
				CLANG_WARN_INFINITE_RECURSION = YES;
				CLANG_WARN_INT_CONVERSION = YES;
				CLANG_WARN_NON_LITERAL_NULL_CONVERSION = YES;
				CLANG_WARN_OBJC_LITERAL_CONVERSION = YES;
				CLANG_WARN_OBJC_ROOT_CLASS = YES_ERROR;
				CLANG_WARN_RANGE_LOOP_ANALYSIS = YES;
				CLANG_WARN_STRICT_PROTOTYPES = YES;
				CLANG_WARN_SUSPICIOUS_MOVE = YES;
				CLANG_WARN_UNGUARDED_AVAILABILITY = YES_AGGRESSIVE;
				CLANG_WARN_UNREACHABLE_CODE = YES;
				CLANG_WARN__DUPLICATE_METHOD_MATCH = YES;
				CODE_SIGN_IDENTITY = "iPhone Developer";
				COPY_PHASE_STRIP = NO;
				CURRENT_PROJECT_VERSION = 1;
				DEBUG_INFORMATION_FORMAT = "dwarf-with-dsym";
				ENABLE_NS_ASSERTIONS = NO;
				ENABLE_STRICT_OBJC_MSGSEND = YES;
				GCC_C_LANGUAGE_STANDARD = gnu11;
				GCC_NO_COMMON_BLOCKS = YES;
				GCC_WARN_64_TO_32_BIT_CONVERSION = YES;
				GCC_WARN_ABOUT_RETURN_TYPE = YES_ERROR;
				GCC_WARN_UNDECLARED_SELECTOR = YES;
				GCC_WARN_UNINITIALIZED_AUTOS = YES_AGGRESSIVE;
				GCC_WARN_UNUSED_FUNCTION = YES;
				GCC_WARN_UNUSED_VARIABLE = YES;
				IPHONEOS_DEPLOYMENT_TARGET = 11.2;
				MTL_ENABLE_DEBUG_INFO = NO;
				SDKROOT = iphoneos;
				SWIFT_OPTIMIZATION_LEVEL = "-Owholemodule";
				VALIDATE_PRODUCT = YES;
				VERSIONING_SYSTEM = "apple-generic";
				VERSION_INFO_PREFIX = "";
			};
			name = Release;
		};
		F61CE61C205BDE1D00677786 /* Debug */ = {
			isa = XCBuildConfiguration;
			buildSettings = {
				CLANG_ENABLE_MODULES = YES;
				CODE_SIGN_IDENTITY = "";
				CODE_SIGN_STYLE = Automatic;
				DEFINES_MODULE = YES;
				DEVELOPMENT_TEAM = MDX989Y6D8;
				DYLIB_COMPATIBILITY_VERSION = 1;
				DYLIB_CURRENT_VERSION = 1;
				DYLIB_INSTALL_NAME_BASE = "@rpath";
				ENABLE_BITCODE = NO;
				FRAMEWORK_SEARCH_PATHS = (
					"$(inherited)",
					"$(PROJECT_DIR)/Carthage/Build/iOS",
				);
				INFOPLIST_FILE = Differentiator/Info.plist;
				INSTALL_PATH = "$(LOCAL_LIBRARY_DIR)/Frameworks";
				LD_RUNPATH_SEARCH_PATHS = "$(inherited) @executable_path/Frameworks @loader_path/Frameworks";
				PRODUCT_BUNDLE_IDENTIFIER = "com.blue-tail-labs.Differentiator";
				PRODUCT_NAME = "$(TARGET_NAME:c99extidentifier)";
				SKIP_INSTALL = YES;
				SWIFT_OPTIMIZATION_LEVEL = "-Onone";
				SWIFT_VERSION = 4.0;
				TARGETED_DEVICE_FAMILY = "1,2";
			};
			name = Debug;
		};
		F61CE61D205BDE1D00677786 /* Release */ = {
			isa = XCBuildConfiguration;
			buildSettings = {
				CLANG_ENABLE_MODULES = YES;
				CODE_SIGN_IDENTITY = "";
				CODE_SIGN_STYLE = Automatic;
				DEFINES_MODULE = YES;
				DEVELOPMENT_TEAM = MDX989Y6D8;
				DYLIB_COMPATIBILITY_VERSION = 1;
				DYLIB_CURRENT_VERSION = 1;
				DYLIB_INSTALL_NAME_BASE = "@rpath";
				ENABLE_BITCODE = NO;
				FRAMEWORK_SEARCH_PATHS = (
					"$(inherited)",
					"$(PROJECT_DIR)/Carthage/Build/iOS",
				);
				INFOPLIST_FILE = Differentiator/Info.plist;
				INSTALL_PATH = "$(LOCAL_LIBRARY_DIR)/Frameworks";
				LD_RUNPATH_SEARCH_PATHS = "$(inherited) @executable_path/Frameworks @loader_path/Frameworks";
				PRODUCT_BUNDLE_IDENTIFIER = "com.blue-tail-labs.Differentiator";
				PRODUCT_NAME = "$(TARGET_NAME:c99extidentifier)";
				SKIP_INSTALL = YES;
				SWIFT_VERSION = 4.0;
				TARGETED_DEVICE_FAMILY = "1,2";
			};
			name = Release;
		};
		F61CE61F205BDE1D00677786 /* Debug */ = {
			isa = XCBuildConfiguration;
			buildSettings = {
				ALWAYS_EMBED_SWIFT_STANDARD_LIBRARIES = YES;
				CLANG_ENABLE_MODULES = YES;
				CODE_SIGN_STYLE = Automatic;
				DEVELOPMENT_TEAM = MDX989Y6D8;
				FRAMEWORK_SEARCH_PATHS = (
					"$(inherited)",
					"$(PROJECT_DIR)/Carthage/Build/iOS",
				);
				INFOPLIST_FILE = DifferentiatorTests/Info.plist;
				LD_RUNPATH_SEARCH_PATHS = "$(inherited) @executable_path/Frameworks @loader_path/Frameworks";
				PRODUCT_BUNDLE_IDENTIFIER = "com.blue-tail-labs.DifferentiatorTests";
				PRODUCT_NAME = "$(TARGET_NAME)";
				SWIFT_OPTIMIZATION_LEVEL = "-Onone";
				SWIFT_VERSION = 4.0;
				TARGETED_DEVICE_FAMILY = "1,2";
			};
			name = Debug;
		};
		F61CE620205BDE1D00677786 /* Release */ = {
			isa = XCBuildConfiguration;
			buildSettings = {
				ALWAYS_EMBED_SWIFT_STANDARD_LIBRARIES = YES;
				CLANG_ENABLE_MODULES = YES;
				CODE_SIGN_STYLE = Automatic;
				DEVELOPMENT_TEAM = MDX989Y6D8;
				FRAMEWORK_SEARCH_PATHS = (
					"$(inherited)",
					"$(PROJECT_DIR)/Carthage/Build/iOS",
				);
				INFOPLIST_FILE = DifferentiatorTests/Info.plist;
				LD_RUNPATH_SEARCH_PATHS = "$(inherited) @executable_path/Frameworks @loader_path/Frameworks";
				PRODUCT_BUNDLE_IDENTIFIER = "com.blue-tail-labs.DifferentiatorTests";
				PRODUCT_NAME = "$(TARGET_NAME)";
				SWIFT_VERSION = 4.0;
				TARGETED_DEVICE_FAMILY = "1,2";
			};
			name = Release;
		};
		F64CCE442061D4AE00B38BD0 /* Debug */ = {
			isa = XCBuildConfiguration;
			buildSettings = {
				ASSETCATALOG_COMPILER_APPICON_NAME = AppIcon;
				CODE_SIGN_STYLE = Automatic;
				DEVELOPMENT_TEAM = MDX989Y6D8;
				FRAMEWORK_SEARCH_PATHS = (
					"$(inherited)",
					"$(PROJECT_DIR)/Carthage/Build/iOS",
				);
				INFOPLIST_FILE = DifferentiatorDemo/Info.plist;
				LD_RUNPATH_SEARCH_PATHS = "$(inherited) @executable_path/Frameworks";
				PRODUCT_BUNDLE_IDENTIFIER = "com.blue-tail-labs.DifferentiatorDemo";
				PRODUCT_NAME = "$(TARGET_NAME)";
				SWIFT_VERSION = 4.0;
				TARGETED_DEVICE_FAMILY = "1,2";
			};
			name = Debug;
		};
		F64CCE452061D4AE00B38BD0 /* Release */ = {
			isa = XCBuildConfiguration;
			buildSettings = {
				ASSETCATALOG_COMPILER_APPICON_NAME = AppIcon;
				CODE_SIGN_STYLE = Automatic;
				DEVELOPMENT_TEAM = MDX989Y6D8;
				FRAMEWORK_SEARCH_PATHS = (
					"$(inherited)",
					"$(PROJECT_DIR)/Carthage/Build/iOS",
				);
				INFOPLIST_FILE = DifferentiatorDemo/Info.plist;
				LD_RUNPATH_SEARCH_PATHS = "$(inherited) @executable_path/Frameworks";
				PRODUCT_BUNDLE_IDENTIFIER = "com.blue-tail-labs.DifferentiatorDemo";
				PRODUCT_NAME = "$(TARGET_NAME)";
				SWIFT_VERSION = 4.0;
				TARGETED_DEVICE_FAMILY = "1,2";
			};
			name = Release;
		};
		F64CCE472061D4AE00B38BD0 /* Debug */ = {
			isa = XCBuildConfiguration;
			buildSettings = {
				ALWAYS_EMBED_SWIFT_STANDARD_LIBRARIES = YES;
				BUNDLE_LOADER = "$(TEST_HOST)";
				CODE_SIGN_STYLE = Automatic;
				DEVELOPMENT_TEAM = MDX989Y6D8;
				INFOPLIST_FILE = DifferentiatorDemoTests/Info.plist;
				LD_RUNPATH_SEARCH_PATHS = "$(inherited) @executable_path/Frameworks @loader_path/Frameworks";
				PRODUCT_BUNDLE_IDENTIFIER = "com.blue-tail-labs.DifferentiatorDemoTests";
				PRODUCT_NAME = "$(TARGET_NAME)";
				SWIFT_VERSION = 4.0;
				TARGETED_DEVICE_FAMILY = "1,2";
				TEST_HOST = "$(BUILT_PRODUCTS_DIR)/DifferentiatorDemo.app/DifferentiatorDemo";
			};
			name = Debug;
		};
		F64CCE482061D4AE00B38BD0 /* Release */ = {
			isa = XCBuildConfiguration;
			buildSettings = {
				ALWAYS_EMBED_SWIFT_STANDARD_LIBRARIES = YES;
				BUNDLE_LOADER = "$(TEST_HOST)";
				CODE_SIGN_STYLE = Automatic;
				DEVELOPMENT_TEAM = MDX989Y6D8;
				INFOPLIST_FILE = DifferentiatorDemoTests/Info.plist;
				LD_RUNPATH_SEARCH_PATHS = "$(inherited) @executable_path/Frameworks @loader_path/Frameworks";
				PRODUCT_BUNDLE_IDENTIFIER = "com.blue-tail-labs.DifferentiatorDemoTests";
				PRODUCT_NAME = "$(TARGET_NAME)";
				SWIFT_VERSION = 4.0;
				TARGETED_DEVICE_FAMILY = "1,2";
				TEST_HOST = "$(BUILT_PRODUCTS_DIR)/DifferentiatorDemo.app/DifferentiatorDemo";
			};
			name = Release;
		};
/* End XCBuildConfiguration section */

/* Begin XCConfigurationList section */
		F61CE601205BDE1C00677786 /* Build configuration list for PBXProject "Differentiator" */ = {
			isa = XCConfigurationList;
			buildConfigurations = (
				F61CE619205BDE1D00677786 /* Debug */,
				F61CE61A205BDE1D00677786 /* Release */,
			);
			defaultConfigurationIsVisible = 0;
			defaultConfigurationName = Release;
		};
		F61CE61B205BDE1D00677786 /* Build configuration list for PBXNativeTarget "Differentiator" */ = {
			isa = XCConfigurationList;
			buildConfigurations = (
				F61CE61C205BDE1D00677786 /* Debug */,
				F61CE61D205BDE1D00677786 /* Release */,
			);
			defaultConfigurationIsVisible = 0;
			defaultConfigurationName = Release;
		};
		F61CE61E205BDE1D00677786 /* Build configuration list for PBXNativeTarget "DifferentiatorTests" */ = {
			isa = XCConfigurationList;
			buildConfigurations = (
				F61CE61F205BDE1D00677786 /* Debug */,
				F61CE620205BDE1D00677786 /* Release */,
			);
			defaultConfigurationIsVisible = 0;
			defaultConfigurationName = Release;
		};
		F64CCE432061D4AE00B38BD0 /* Build configuration list for PBXNativeTarget "DifferentiatorDemo" */ = {
			isa = XCConfigurationList;
			buildConfigurations = (
				F64CCE442061D4AE00B38BD0 /* Debug */,
				F64CCE452061D4AE00B38BD0 /* Release */,
			);
			defaultConfigurationIsVisible = 0;
			defaultConfigurationName = Release;
		};
		F64CCE462061D4AE00B38BD0 /* Build configuration list for PBXNativeTarget "DifferentiatorDemoTests" */ = {
			isa = XCConfigurationList;
			buildConfigurations = (
				F64CCE472061D4AE00B38BD0 /* Debug */,
				F64CCE482061D4AE00B38BD0 /* Release */,
			);
			defaultConfigurationIsVisible = 0;
			defaultConfigurationName = Release;
		};
/* End XCConfigurationList section */
	};
	rootObject = F61CE5FE205BDE1C00677786 /* Project object */;
}
